// !$*UTF8*$!
{
	archiveVersion = 1;
	classes = {
	};
	objectVersion = 46;
	objects = {

/* Begin PBXBuildFile section */
		5B1B69C51CC71D45005E4B38 /* AppDelegate.swift in Sources */ = {isa = PBXBuildFile; fileRef = 5B1B69C41CC71D45005E4B38 /* AppDelegate.swift */; };
		5B1B69C71CC71D45005E4B38 /* ViewController.swift in Sources */ = {isa = PBXBuildFile; fileRef = 5B1B69C61CC71D45005E4B38 /* ViewController.swift */; };
		5B1B69CA1CC71D45005E4B38 /* Main.storyboard in Resources */ = {isa = PBXBuildFile; fileRef = 5B1B69C81CC71D45005E4B38 /* Main.storyboard */; };
		5B1B69CC1CC71D45005E4B38 /* Assets.xcassets in Resources */ = {isa = PBXBuildFile; fileRef = 5B1B69CB1CC71D45005E4B38 /* Assets.xcassets */; };
		5B1B69CF1CC71D45005E4B38 /* LaunchScreen.storyboard in Resources */ = {isa = PBXBuildFile; fileRef = 5B1B69CD1CC71D45005E4B38 /* LaunchScreen.storyboard */; };
		5B1B69DA1CC71D45005E4B38 /* MyPhotosTests.swift in Sources */ = {isa = PBXBuildFile; fileRef = 5B1B69D91CC71D45005E4B38 /* MyPhotosTests.swift */; };
		5B1B69E51CC71D45005E4B38 /* MyPhotosUITests.swift in Sources */ = {isa = PBXBuildFile; fileRef = 5B1B69E41CC71D45005E4B38 /* MyPhotosUITests.swift */; };
		5B1B69F31CC71FA4005E4B38 /* DetailViewController.swift in Sources */ = {isa = PBXBuildFile; fileRef = 5B1B69F21CC71FA3005E4B38 /* DetailViewController.swift */; };
/* End PBXBuildFile section */

/* Begin PBXContainerItemProxy section */
		5B1B69D61CC71D45005E4B38 /* PBXContainerItemProxy */ = {
			isa = PBXContainerItemProxy;
			containerPortal = 5B1B69B91CC71D45005E4B38 /* Project object */;
			proxyType = 1;
			remoteGlobalIDString = 5B1B69C01CC71D45005E4B38;
			remoteInfo = MyPhotos;
		};
		5B1B69E11CC71D45005E4B38 /* PBXContainerItemProxy */ = {
			isa = PBXContainerItemProxy;
			containerPortal = 5B1B69B91CC71D45005E4B38 /* Project object */;
			proxyType = 1;
			remoteGlobalIDString = 5B1B69C01CC71D45005E4B38;
			remoteInfo = MyPhotos;
		};
/* End PBXContainerItemProxy section */

/* Begin PBXFileReference section */
		5B1B69C11CC71D45005E4B38 /* MyPhotos.app */ = {isa = PBXFileReference; explicitFileType = wrapper.application; includeInIndex = 0; path = MyPhotos.app; sourceTree = BUILT_PRODUCTS_DIR; };
		5B1B69C41CC71D45005E4B38 /* AppDelegate.swift */ = {isa = PBXFileReference; lastKnownFileType = sourcecode.swift; path = AppDelegate.swift; sourceTree = "<group>"; };
		5B1B69C61CC71D45005E4B38 /* ViewController.swift */ = {isa = PBXFileReference; lastKnownFileType = sourcecode.swift; path = ViewController.swift; sourceTree = "<group>"; };
		5B1B69C91CC71D45005E4B38 /* Base */ = {isa = PBXFileReference; lastKnownFileType = file.storyboard; name = Base; path = Base.lproj/Main.storyboard; sourceTree = "<group>"; };
		5B1B69CB1CC71D45005E4B38 /* Assets.xcassets */ = {isa = PBXFileReference; lastKnownFileType = folder.assetcatalog; path = Assets.xcassets; sourceTree = "<group>"; };
		5B1B69CE1CC71D45005E4B38 /* Base */ = {isa = PBXFileReference; lastKnownFileType = file.storyboard; name = Base; path = Base.lproj/LaunchScreen.storyboard; sourceTree = "<group>"; };
		5B1B69D01CC71D45005E4B38 /* Info.plist */ = {isa = PBXFileReference; lastKnownFileType = text.plist.xml; path = Info.plist; sourceTree = "<group>"; };
		5B1B69D51CC71D45005E4B38 /* MyPhotosTests.xctest */ = {isa = PBXFileReference; explicitFileType = wrapper.cfbundle; includeInIndex = 0; path = MyPhotosTests.xctest; sourceTree = BUILT_PRODUCTS_DIR; };
		5B1B69D91CC71D45005E4B38 /* MyPhotosTests.swift */ = {isa = PBXFileReference; lastKnownFileType = sourcecode.swift; path = MyPhotosTests.swift; sourceTree = "<group>"; };
		5B1B69DB1CC71D45005E4B38 /* Info.plist */ = {isa = PBXFileReference; lastKnownFileType = text.plist.xml; path = Info.plist; sourceTree = "<group>"; };
		5B1B69E01CC71D45005E4B38 /* MyPhotosUITests.xctest */ = {isa = PBXFileReference; explicitFileType = wrapper.cfbundle; includeInIndex = 0; path = MyPhotosUITests.xctest; sourceTree = BUILT_PRODUCTS_DIR; };
		5B1B69E41CC71D45005E4B38 /* MyPhotosUITests.swift */ = {isa = PBXFileReference; lastKnownFileType = sourcecode.swift; path = MyPhotosUITests.swift; sourceTree = "<group>"; };
		5B1B69E61CC71D45005E4B38 /* Info.plist */ = {isa = PBXFileReference; lastKnownFileType = text.plist.xml; path = Info.plist; sourceTree = "<group>"; };
		5B1B69F21CC71FA3005E4B38 /* DetailViewController.swift */ = {isa = PBXFileReference; fileEncoding = 4; lastKnownFileType = sourcecode.swift; path = DetailViewController.swift; sourceTree = "<group>"; };
/* End PBXFileReference section */

/* Begin PBXFrameworksBuildPhase section */
		5B1B69BE1CC71D45005E4B38 /* Frameworks */ = {
			isa = PBXFrameworksBuildPhase;
			buildActionMask = 2147483647;
			files = (
			);
			runOnlyForDeploymentPostprocessing = 0;
		};
		5B1B69D21CC71D45005E4B38 /* Frameworks */ = {
			isa = PBXFrameworksBuildPhase;
			buildActionMask = 2147483647;
			files = (
			);
			runOnlyForDeploymentPostprocessing = 0;
		};
		5B1B69DD1CC71D45005E4B38 /* Frameworks */ = {
			isa = PBXFrameworksBuildPhase;
			buildActionMask = 2147483647;
			files = (
			);
			runOnlyForDeploymentPostprocessing = 0;
		};
/* End PBXFrameworksBuildPhase section */

/* Begin PBXGroup section */
		5B1B69B81CC71D45005E4B38 = {
			isa = PBXGroup;
			children = (
				5B1B69C31CC71D45005E4B38 /* MyPhotos */,
				5B1B69D81CC71D45005E4B38 /* MyPhotosTests */,
				5B1B69E31CC71D45005E4B38 /* MyPhotosUITests */,
				5B1B69C21CC71D45005E4B38 /* Products */,
			);
			sourceTree = "<group>";
		};
		5B1B69C21CC71D45005E4B38 /* Products */ = {
			isa = PBXGroup;
			children = (
				5B1B69C11CC71D45005E4B38 /* MyPhotos.app */,
				5B1B69D51CC71D45005E4B38 /* MyPhotosTests.xctest */,
				5B1B69E01CC71D45005E4B38 /* MyPhotosUITests.xctest */,
			);
			name = Products;
			sourceTree = "<group>";
		};
		5B1B69C31CC71D45005E4B38 /* MyPhotos */ = {
			isa = PBXGroup;
			children = (
				5B1B69C41CC71D45005E4B38 /* AppDelegate.swift */,
				5B1B69C61CC71D45005E4B38 /* ViewController.swift */,
				5B1B69F21CC71FA3005E4B38 /* DetailViewController.swift */,
				5B1B69C81CC71D45005E4B38 /* Main.storyboard */,
				5B1B69CB1CC71D45005E4B38 /* Assets.xcassets */,
				5B1B69CD1CC71D45005E4B38 /* LaunchScreen.storyboard */,
				5B1B69D01CC71D45005E4B38 /* Info.plist */,
			);
			path = MyPhotos;
			sourceTree = "<group>";
		};
		5B1B69D81CC71D45005E4B38 /* MyPhotosTests */ = {
			isa = PBXGroup;
			children = (
				5B1B69D91CC71D45005E4B38 /* MyPhotosTests.swift */,
				5B1B69DB1CC71D45005E4B38 /* Info.plist */,
			);
			path = MyPhotosTests;
			sourceTree = "<group>";
		};
		5B1B69E31CC71D45005E4B38 /* MyPhotosUITests */ = {
			isa = PBXGroup;
			children = (
				5B1B69E41CC71D45005E4B38 /* MyPhotosUITests.swift */,
				5B1B69E61CC71D45005E4B38 /* Info.plist */,
			);
			path = MyPhotosUITests;
			sourceTree = "<group>";
		};
/* End PBXGroup section */

/* Begin PBXNativeTarget section */
		5B1B69C01CC71D45005E4B38 /* MyPhotos */ = {
			isa = PBXNativeTarget;
			buildConfigurationList = 5B1B69E91CC71D45005E4B38 /* Build configuration list for PBXNativeTarget "MyPhotos" */;
			buildPhases = (
				5B1B69BD1CC71D45005E4B38 /* Sources */,
				5B1B69BE1CC71D45005E4B38 /* Frameworks */,
				5B1B69BF1CC71D45005E4B38 /* Resources */,
			);
			buildRules = (
			);
			dependencies = (
			);
			name = MyPhotos;
			productName = MyPhotos;
			productReference = 5B1B69C11CC71D45005E4B38 /* MyPhotos.app */;
			productType = "com.apple.product-type.application";
		};
		5B1B69D41CC71D45005E4B38 /* MyPhotosTests */ = {
			isa = PBXNativeTarget;
			buildConfigurationList = 5B1B69EC1CC71D45005E4B38 /* Build configuration list for PBXNativeTarget "MyPhotosTests" */;
			buildPhases = (
				5B1B69D11CC71D45005E4B38 /* Sources */,
				5B1B69D21CC71D45005E4B38 /* Frameworks */,
				5B1B69D31CC71D45005E4B38 /* Resources */,
			);
			buildRules = (
			);
			dependencies = (
				5B1B69D71CC71D45005E4B38 /* PBXTargetDependency */,
			);
			name = MyPhotosTests;
			productName = MyPhotosTests;
			productReference = 5B1B69D51CC71D45005E4B38 /* MyPhotosTests.xctest */;
			productType = "com.apple.product-type.bundle.unit-test";
		};
		5B1B69DF1CC71D45005E4B38 /* MyPhotosUITests */ = {
			isa = PBXNativeTarget;
			buildConfigurationList = 5B1B69EF1CC71D45005E4B38 /* Build configuration list for PBXNativeTarget "MyPhotosUITests" */;
			buildPhases = (
				5B1B69DC1CC71D45005E4B38 /* Sources */,
				5B1B69DD1CC71D45005E4B38 /* Frameworks */,
				5B1B69DE1CC71D45005E4B38 /* Resources */,
			);
			buildRules = (
			);
			dependencies = (
				5B1B69E21CC71D45005E4B38 /* PBXTargetDependency */,
			);
			name = MyPhotosUITests;
			productName = MyPhotosUITests;
			productReference = 5B1B69E01CC71D45005E4B38 /* MyPhotosUITests.xctest */;
			productType = "com.apple.product-type.bundle.ui-testing";
		};
/* End PBXNativeTarget section */

/* Begin PBXProject section */
		5B1B69B91CC71D45005E4B38 /* Project object */ = {
			isa = PBXProject;
			attributes = {
				LastSwiftUpdateCheck = 0720;
				LastUpgradeCheck = 0720;
				ORGANIZATIONNAME = s5014219;
				TargetAttributes = {
					5B1B69C01CC71D45005E4B38 = {
						CreatedOnToolsVersion = 7.2;
					};
					5B1B69D41CC71D45005E4B38 = {
						CreatedOnToolsVersion = 7.2;
						TestTargetID = 5B1B69C01CC71D45005E4B38;
					};
					5B1B69DF1CC71D45005E4B38 = {
						CreatedOnToolsVersion = 7.2;
						TestTargetID = 5B1B69C01CC71D45005E4B38;
					};
				};
			};
			buildConfigurationList = 5B1B69BC1CC71D45005E4B38 /* Build configuration list for PBXProject "MyPhotos" */;
			compatibilityVersion = "Xcode 3.2";
			developmentRegion = English;
			hasScannedForEncodings = 0;
			knownRegions = (
				en,
				Base,
			);
			mainGroup = 5B1B69B81CC71D45005E4B38;
			productRefGroup = 5B1B69C21CC71D45005E4B38 /* Products */;
			projectDirPath = "";
			projectRoot = "";
			targets = (
				5B1B69C01CC71D45005E4B38 /* MyPhotos */,
				5B1B69D41CC71D45005E4B38 /* MyPhotosTests */,
				5B1B69DF1CC71D45005E4B38 /* MyPhotosUITests */,
			);
		};
/* End PBXProject section */

/* Begin PBXResourcesBuildPhase section */
		5B1B69BF1CC71D45005E4B38 /* Resources */ = {
			isa = PBXResourcesBuildPhase;
			buildActionMask = 2147483647;
			files = (
				5B1B69CF1CC71D45005E4B38 /* LaunchScreen.storyboard in Resources */,
				5B1B69CC1CC71D45005E4B38 /* Assets.xcassets in Resources */,
				5B1B69CA1CC71D45005E4B38 /* Main.storyboard in Resources */,
			);
			runOnlyForDeploymentPostprocessing = 0;
		};
		5B1B69D31CC71D45005E4B38 /* Resources */ = {
			isa = PBXResourcesBuildPhase;
			buildActionMask = 2147483647;
			files = (
			);
			runOnlyForDeploymentPostprocessing = 0;
		};
		5B1B69DE1CC71D45005E4B38 /* Resources */ = {
			isa = PBXResourcesBuildPhase;
			buildActionMask = 2147483647;
			files = (
			);
			runOnlyForDeploymentPostprocessing = 0;
		};
/* End PBXResourcesBuildPhase section */

/* Begin PBXSourcesBuildPhase section */
		5B1B69BD1CC71D45005E4B38 /* Sources */ = {
			isa = PBXSourcesBuildPhase;
			buildActionMask = 2147483647;
			files = (
				5B1B69F31CC71FA4005E4B38 /* DetailViewController.swift in Sources */,
				5B1B69C71CC71D45005E4B38 /* ViewController.swift in Sources */,
				5B1B69C51CC71D45005E4B38 /* AppDelegate.swift in Sources */,
			);
			runOnlyForDeploymentPostprocessing = 0;
		};
		5B1B69D11CC71D45005E4B38 /* Sources */ = {
			isa = PBXSourcesBuildPhase;
			buildActionMask = 2147483647;
			files = (
				5B1B69DA1CC71D45005E4B38 /* MyPhotosTests.swift in Sources */,
			);
			runOnlyForDeploymentPostprocessing = 0;
		};
		5B1B69DC1CC71D45005E4B38 /* Sources */ = {
			isa = PBXSourcesBuildPhase;
			buildActionMask = 2147483647;
			files = (
				5B1B69E51CC71D45005E4B38 /* MyPhotosUITests.swift in Sources */,
			);
			runOnlyForDeploymentPostprocessing = 0;
		};
/* End PBXSourcesBuildPhase section */

/* Begin PBXTargetDependency section */
		5B1B69D71CC71D45005E4B38 /* PBXTargetDependency */ = {
			isa = PBXTargetDependency;
			target = 5B1B69C01CC71D45005E4B38 /* MyPhotos */;
			targetProxy = 5B1B69D61CC71D45005E4B38 /* PBXContainerItemProxy */;
		};
		5B1B69E21CC71D45005E4B38 /* PBXTargetDependency */ = {
			isa = PBXTargetDependency;
			target = 5B1B69C01CC71D45005E4B38 /* MyPhotos */;
			targetProxy = 5B1B69E11CC71D45005E4B38 /* PBXContainerItemProxy */;
		};
/* End PBXTargetDependency section */

/* Begin PBXVariantGroup section */
		5B1B69C81CC71D45005E4B38 /* Main.storyboard */ = {
			isa = PBXVariantGroup;
			children = (
				5B1B69C91CC71D45005E4B38 /* Base */,
			);
			name = Main.storyboard;
			sourceTree = "<group>";
		};
		5B1B69CD1CC71D45005E4B38 /* LaunchScreen.storyboard */ = {
			isa = PBXVariantGroup;
			children = (
				5B1B69CE1CC71D45005E4B38 /* Base */,
			);
			name = LaunchScreen.storyboard;
			sourceTree = "<group>";
		};
/* End PBXVariantGroup section */

/* Begin XCBuildConfiguration section */
		5B1B69E71CC71D45005E4B38 /* Debug */ = {
			isa = XCBuildConfiguration;
			buildSettings = {
				ALWAYS_SEARCH_USER_PATHS = NO;
				CLANG_CXX_LANGUAGE_STANDARD = "gnu++0x";
				CLANG_CXX_LIBRARY = "libc++";
				CLANG_ENABLE_MODULES = YES;
				CLANG_ENABLE_OBJC_ARC = YES;
				CLANG_WARN_BOOL_CONVERSION = YES;
				CLANG_WARN_CONSTANT_CONVERSION = YES;
				CLANG_WARN_DIRECT_OBJC_ISA_USAGE = YES_ERROR;
				CLANG_WARN_EMPTY_BODY = YES;
				CLANG_WARN_ENUM_CONVERSION = YES;
				CLANG_WARN_INT_CONVERSION = YES;
				CLANG_WARN_OBJC_ROOT_CLASS = YES_ERROR;
				CLANG_WARN_UNREACHABLE_CODE = YES;
				CLANG_WARN__DUPLICATE_METHOD_MATCH = YES;
				"CODE_SIGN_IDENTITY[sdk=iphoneos*]" = "iPhone Developer";
				COPY_PHASE_STRIP = NO;
				DEBUG_INFORMATION_FORMAT = dwarf;
				ENABLE_STRICT_OBJC_MSGSEND = YES;
				ENABLE_TESTABILITY = YES;
				GCC_C_LANGUAGE_STANDARD = gnu99;
				GCC_DYNAMIC_NO_PIC = NO;
				GCC_NO_COMMON_BLOCKS = YES;
				GCC_OPTIMIZATION_LEVEL = 0;
				GCC_PREPROCESSOR_DEFINITIONS = (
					"DEBUG=1",
					"$(inherited)",
				);
				GCC_WARN_64_TO_32_BIT_CONVERSION = YES;
				GCC_WARN_ABOUT_RETURN_TYPE = YES_ERROR;
				GCC_WARN_UNDECLARED_SELECTOR = YES;
				GCC_WARN_UNINITIALIZED_AUTOS = YES_AGGRESSIVE;
				GCC_WARN_UNUSED_FUNCTION = YES;
				GCC_WARN_UNUSED_VARIABLE = YES;
				IPHONEOS_DEPLOYMENT_TARGET = 9.2;
				MTL_ENABLE_DEBUG_INFO = YES;
				ONLY_ACTIVE_ARCH = YES;
				SDKROOT = iphoneos;
				SWIFT_OPTIMIZATION_LEVEL = "-Onone";
				TARGETED_DEVICE_FAMILY = "1,2";
			};
			name = Debug;
		};
		5B1B69E81CC71D45005E4B38 /* Release */ = {
			isa = XCBuildConfiguration;
			buildSettings = {
				ALWAYS_SEARCH_USER_PATHS = NO;
				CLANG_CXX_LANGUAGE_STANDARD = "gnu++0x";
				CLANG_CXX_LIBRARY = "libc++";
				CLANG_ENABLE_MODULES = YES;
				CLANG_ENABLE_OBJC_ARC = YES;
				CLANG_WARN_BOOL_CONVERSION = YES;
				CLANG_WARN_CONSTANT_CONVERSION = YES;
				CLANG_WARN_DIRECT_OBJC_ISA_USAGE = YES_ERROR;
				CLANG_WARN_EMPTY_BODY = YES;
				CLANG_WARN_ENUM_CONVERSION = YES;
				CLANG_WARN_INT_CONVERSION = YES;
				CLANG_WARN_OBJC_ROOT_CLASS = YES_ERROR;
				CLANG_WARN_UNREACHABLE_CODE = YES;
				CLANG_WARN__DUPLICATE_METHOD_MATCH = YES;
				"CODE_SIGN_IDENTITY[sdk=iphoneos*]" = "iPhone Developer";
				COPY_PHASE_STRIP = NO;
				DEBUG_INFORMATION_FORMAT = "dwarf-with-dsym";
				ENABLE_NS_ASSERTIONS = NO;
				ENABLE_STRICT_OBJC_MSGSEND = YES;
				GCC_C_LANGUAGE_STANDARD = gnu99;
				GCC_NO_COMMON_BLOCKS = YES;
				GCC_WARN_64_TO_32_BIT_CONVERSION = YES;
				GCC_WARN_ABOUT_RETURN_TYPE = YES_ERROR;
				GCC_WARN_UNDECLARED_SELECTOR = YES;
				GCC_WARN_UNINITIALIZED_AUTOS = YES_AGGRESSIVE;
				GCC_WARN_UNUSED_FUNCTION = YES;
				GCC_WARN_UNUSED_VARIABLE = YES;
				IPHONEOS_DEPLOYMENT_TARGET = 9.2;
				MTL_ENABLE_DEBUG_INFO = NO;
				SDKROOT = iphoneos;
				TARGETED_DEVICE_FAMILY = "1,2";
				VALIDATE_PRODUCT = YES;
			};
			name = Release;
		};
		5B1B69EA1CC71D45005E4B38 /* Debug */ = {
			isa = XCBuildConfiguration;
			buildSettings = {
				ASSETCATALOG_COMPILER_APPICON_NAME = AppIcon;
				INFOPLIST_FILE = MyPhotos/Info.plist;
				LD_RUNPATH_SEARCH_PATHS = "$(inherited) @executable_path/Frameworks";
				PRODUCT_BUNDLE_IDENTIFIER = au.edu.griffith.ict.prog.MyPhotos;
				PRODUCT_NAME = "$(TARGET_NAME)";
			};
			name = Debug;
		};
		5B1B69EB1CC71D45005E4B38 /* Release */ = {
			isa = XCBuildConfiguration;
			buildSettings = {
				ASSETCATALOG_COMPILER_APPICON_NAME = AppIcon;
				INFOPLIST_FILE = MyPhotos/Info.plist;
				LD_RUNPATH_SEARCH_PATHS = "$(inherited) @executable_path/Frameworks";
				PRODUCT_BUNDLE_IDENTIFIER = au.edu.griffith.ict.prog.MyPhotos;
				PRODUCT_NAME = "$(TARGET_NAME)";
			};
			name = Release;
		};
		5B1B69ED1CC71D45005E4B38 /* Debug */ = {
			isa = XCBuildConfiguration;
			buildSettings = {
				BUNDLE_LOADER = "$(TEST_HOST)";
				INFOPLIST_FILE = MyPhotosTests/Info.plist;
				LD_RUNPATH_SEARCH_PATHS = "$(inherited) @executable_path/Frameworks @loader_path/Frameworks";
				PRODUCT_BUNDLE_IDENTIFIER = au.edu.griffith.ict.prog.MyPhotosTests;
				PRODUCT_NAME = "$(TARGET_NAME)";
				TEST_HOST = "$(BUILT_PRODUCTS_DIR)/MyPhotos.app/MyPhotos";
			};
			name = Debug;
		};
		5B1B69EE1CC71D45005E4B38 /* Release */ = {
			isa = XCBuildConfiguration;
			buildSettings = {
				BUNDLE_LOADER = "$(TEST_HOST)";
				INFOPLIST_FILE = MyPhotosTests/Info.plist;
				LD_RUNPATH_SEARCH_PATHS = "$(inherited) @executable_path/Frameworks @loader_path/Frameworks";
				PRODUCT_BUNDLE_IDENTIFIER = au.edu.griffith.ict.prog.MyPhotosTests;
				PRODUCT_NAME = "$(TARGET_NAME)";
				TEST_HOST = "$(BUILT_PRODUCTS_DIR)/MyPhotos.app/MyPhotos";
			};
			name = Release;
		};
		5B1B69F01CC71D45005E4B38 /* Debug */ = {
			isa = XCBuildConfiguration;
			buildSettings = {
				INFOPLIST_FILE = MyPhotosUITests/Info.plist;
				LD_RUNPATH_SEARCH_PATHS = "$(inherited) @executable_path/Frameworks @loader_path/Frameworks";
				PRODUCT_BUNDLE_IDENTIFIER = au.edu.griffith.ict.prog.MyPhotosUITests;
				PRODUCT_NAME = "$(TARGET_NAME)";
				TEST_TARGET_NAME = MyPhotos;
				USES_XCTRUNNER = YES;
			};
			name = Debug;
		};
		5B1B69F11CC71D45005E4B38 /* Release */ = {
			isa = XCBuildConfiguration;
			buildSettings = {
				INFOPLIST_FILE = MyPhotosUITests/Info.plist;
				LD_RUNPATH_SEARCH_PATHS = "$(inherited) @executable_path/Frameworks @loader_path/Frameworks";
				PRODUCT_BUNDLE_IDENTIFIER = au.edu.griffith.ict.prog.MyPhotosUITests;
				PRODUCT_NAME = "$(TARGET_NAME)";
				TEST_TARGET_NAME = MyPhotos;
				USES_XCTRUNNER = YES;
			};
			name = Release;
		};
/* End XCBuildConfiguration section */

/* Begin XCConfigurationList section */
		5B1B69BC1CC71D45005E4B38 /* Build configuration list for PBXProject "MyPhotos" */ = {
			isa = XCConfigurationList;
			buildConfigurations = (
				5B1B69E71CC71D45005E4B38 /* Debug */,
				5B1B69E81CC71D45005E4B38 /* Release */,
			);
			defaultConfigurationIsVisible = 0;
			defaultConfigurationName = Release;
		};
		5B1B69E91CC71D45005E4B38 /* Build configuration list for PBXNativeTarget "MyPhotos" */ = {
			isa = XCConfigurationList;
			buildConfigurations = (
				5B1B69EA1CC71D45005E4B38 /* Debug */,
				5B1B69EB1CC71D45005E4B38 /* Release */,
			);
			defaultConfigurationIsVisible = 0;
		};
		5B1B69EC1CC71D45005E4B38 /* Build configuration list for PBXNativeTarget "MyPhotosTests" */ = {
			isa = XCConfigurationList;
			buildConfigurations = (
				5B1B69ED1CC71D45005E4B38 /* Debug */,
				5B1B69EE1CC71D45005E4B38 /* Release */,
			);
			defaultConfigurationIsVisible = 0;
		};
		5B1B69EF1CC71D45005E4B38 /* Build configuration list for PBXNativeTarget "MyPhotosUITests" */ = {
			isa = XCConfigurationList;
			buildConfigurations = (
				5B1B69F01CC71D45005E4B38 /* Debug */,
				5B1B69F11CC71D45005E4B38 /* Release */,
			);
			defaultConfigurationIsVisible = 0;
		};
/* End XCConfigurationList section */
	};
	rootObject = 5B1B69B91CC71D45005E4B38 /* Project object */;
}
